
Microsoft Visual Studio Solution File, Format Version 12.00
# Visual Studio Version 17
VisualStudioVersion = 17.8.34205.153
MinimumVisualStudioVersion = 10.0.40219.1
Project("{FAE04EC0-301F-11D3-BF4B-00C04F79EFBC}") = "WinFormsCustomButton", "WinFormsCustomButton\WinFormsCustomButton.csproj", "{592EF8AC-4D66-4490-8D05-4A3F83C9D09C}"
EndProject
Global
	GlobalSection(SolutionConfigurationPlatforms) = preSolution
		Debug|Any CPU = Debug|Any CPU
		Release|Any CPU = Release|Any CPU
	EndGlobalSection
	GlobalSection(ProjectConfigurationPlatforms) = postSolution
		{592EF8AC-4D66-4490-8D05-4A3F83C9D09C}.Debug|Any CPU.ActiveCfg = Debug|Any CPU
		{592EF8AC-4D66-4490-8D05-4A3F83C9D09C}.Debug|Any CPU.Build.0 = Debug|Any CPU
		{592EF8AC-4D66-4490-8D05-4A3F83C9D09C}.Release|Any CPU.ActiveCfg = Release|Any CPU
		{592EF8AC-4D66-4490-8D05-4A3F83C9D09C}.Release|Any CPU.Build.0 = Release|Any CPU
	EndGlobalSection
	GlobalSection(SolutionProperties) = preSolution
		HideSolutionNode = FALSE
	EndGlobalSection
	GlobalSection(ExtensibilityGlobals) = postSolution
		SolutionGuid = {3A425C95-4122-4184-8F19-56E37FE4A39B}
	EndGlobalSection
EndGlobal
